
Microsoft Visual Studio Solution File, Format Version 12.00
# Visual Studio 15
VisualStudioVersion = 15.0.27130.2024
MinimumVisualStudioVersion = 10.0.40219.1
Project("{FAE04EC0-301F-11D3-BF4B-00C04F79EFBC}") = "BootstrapTrainingUdemy", "BootstrapTrainingUdemy\BootstrapTrainingUdemy.csproj", "{22E1B269-6C22-42FB-B40D-6B207B5AF1D2}"
EndProject
Global
	GlobalSection(SolutionConfigurationPlatforms) = preSolution
		Debug|Any CPU = Debug|Any CPU
		Release|Any CPU = Release|Any CPU
	EndGlobalSection
	GlobalSection(ProjectConfigurationPlatforms) = postSolution
		{22E1B269-6C22-42FB-B40D-6B207B5AF1D2}.Debug|Any CPU.ActiveCfg = Debug|Any CPU
		{22E1B269-6C22-42FB-B40D-6B207B5AF1D2}.Debug|Any CPU.Build.0 = Debug|Any CPU
		{22E1B269-6C22-42FB-B40D-6B207B5AF1D2}.Release|Any CPU.ActiveCfg = Release|Any CPU
		{22E1B269-6C22-42FB-B40D-6B207B5AF1D2}.Release|Any CPU.Build.0 = Release|Any CPU
	EndGlobalSection
	GlobalSection(SolutionProperties) = preSolution
		HideSolutionNode = FALSE
	EndGlobalSection
	GlobalSection(ExtensibilityGlobals) = postSolution
		SolutionGuid = {D7448466-FD66-4485-BAAF-933272ACD935}
	EndGlobalSection
EndGlobal
